
Microsoft Visual Studio Solution File, Format Version 12.00
# Visual Studio Version 17
VisualStudioVersion = 17.14.36414.22 d17.14
MinimumVisualStudioVersion = 10.0.40219.1
Project("{8BC9CEB8-8B4A-11D0-8D11-00A0C91BC942}") = "Leaning001", "Leaning001\Leaning001.vcxproj", "{94E6523A-E114-49D4-9D4B-57D883A4847E}"
EndProject
Global
	GlobalSection(SolutionConfigurationPlatforms) = preSolution
		Debug|x64 = Debug|x64
		Debug|x86 = Debug|x86
		Release|x64 = Release|x64
		Release|x86 = Release|x86
	EndGlobalSection
	GlobalSection(ProjectConfigurationPlatforms) = postSolution
		{94E6523A-E114-49D4-9D4B-57D883A4847E}.Debug|x64.ActiveCfg = Debug|x64
		{94E6523A-E114-49D4-9D4B-57D883A4847E}.Debug|x64.Build.0 = Debug|x64
		{94E6523A-E114-49D4-9D4B-57D883A4847E}.Debug|x86.ActiveCfg = Debug|Win32
		{94E6523A-E114-49D4-9D4B-57D883A4847E}.Debug|x86.Build.0 = Debug|Win32
		{94E6523A-E114-49D4-9D4B-57D883A4847E}.Release|x64.ActiveCfg = Release|x64
		{94E6523A-E114-49D4-9D4B-57D883A4847E}.Release|x64.Build.0 = Release|x64
		{94E6523A-E114-49D4-9D4B-57D883A4847E}.Release|x86.ActiveCfg = Release|Win32
		{94E6523A-E114-49D4-9D4B-57D883A4847E}.Release|x86.Build.0 = Release|Win32
	EndGlobalSection
	GlobalSection(SolutionProperties) = preSolution
		HideSolutionNode = FALSE
	EndGlobalSection
	GlobalSection(ExtensibilityGlobals) = postSolution
		SolutionGuid = {64535E19-108B-4C29-9A9B-15F53C4779E2}
	EndGlobalSection
EndGlobal
