
Microsoft Visual Studio Solution File, Format Version 12.00
# Visual Studio Version 17
VisualStudioVersion = 17.14.36414.22
MinimumVisualStudioVersion = 10.0.40219.1
Project("{8BC9CEB8-8B4A-11D0-8D11-00A0C91BC942}") = "Calculator", "Calculator\Calculator.vcxproj", "{466B12FD-463F-49DE-944A-2D2D803B2029}"
EndProject
Project("{8BC9CEB8-8B4A-11D0-8D11-00A0C91BC942}") = "CalStatic", "CalStatic\CalStatic.vcxproj", "{EA2F799F-3139-4F76-95BA-A725B6EBD6BF}"
EndProject
Project("{8BC9CEB8-8B4A-11D0-8D11-00A0C91BC942}") = "CalDynamic", "CalDynamic\CalDynamic.vcxproj", "{105A41A2-A414-4871-AD28-74D10D6ADD00}"
EndProject
Project("{8BC9CEB8-8B4A-11D0-8D11-00A0C91BC942}") = "OwnCalculator", "OwnCalculator\OwnCalculator.vcxproj", "{2B4933F8-8675-4762-A614-3E871033598B}"
EndProject
Project("{8BC9CEB8-8B4A-11D0-8D11-00A0C91BC942}") = "OwnstaticCal", "OwnstaticCal\OwnstaticCal.vcxproj", "{3295F905-8C80-47BE-8509-FD0D028422B3}"
EndProject
Project("{8BC9CEB8-8B4A-11D0-8D11-00A0C91BC942}") = "OwnDynamicCal", "OwnDynamicCal\OwnDynamicCal.vcxproj", "{13EEF946-536E-4FFF-BF36-92EBA8FCEE62}"
EndProject
Global
	GlobalSection(SolutionConfigurationPlatforms) = preSolution
		Debug|x64 = Debug|x64
		Debug|x86 = Debug|x86
		Release|x64 = Release|x64
		Release|x86 = Release|x86
	EndGlobalSection
	GlobalSection(ProjectConfigurationPlatforms) = postSolution
		{466B12FD-463F-49DE-944A-2D2D803B2029}.Debug|x64.ActiveCfg = Debug|x64
		{466B12FD-463F-49DE-944A-2D2D803B2029}.Debug|x64.Build.0 = Debug|x64
		{466B12FD-463F-49DE-944A-2D2D803B2029}.Debug|x86.ActiveCfg = Debug|Win32
		{466B12FD-463F-49DE-944A-2D2D803B2029}.Debug|x86.Build.0 = Debug|Win32
		{466B12FD-463F-49DE-944A-2D2D803B2029}.Release|x64.ActiveCfg = Release|x64
		{466B12FD-463F-49DE-944A-2D2D803B2029}.Release|x64.Build.0 = Release|x64
		{466B12FD-463F-49DE-944A-2D2D803B2029}.Release|x86.ActiveCfg = Release|Win32
		{466B12FD-463F-49DE-944A-2D2D803B2029}.Release|x86.Build.0 = Release|Win32
		{EA2F799F-3139-4F76-95BA-A725B6EBD6BF}.Debug|x64.ActiveCfg = Debug|x64
		{EA2F799F-3139-4F76-95BA-A725B6EBD6BF}.Debug|x64.Build.0 = Debug|x64
		{EA2F799F-3139-4F76-95BA-A725B6EBD6BF}.Debug|x86.ActiveCfg = Debug|Win32
		{EA2F799F-3139-4F76-95BA-A725B6EBD6BF}.Debug|x86.Build.0 = Debug|Win32
		{EA2F799F-3139-4F76-95BA-A725B6EBD6BF}.Release|x64.ActiveCfg = Release|x64
		{EA2F799F-3139-4F76-95BA-A725B6EBD6BF}.Release|x64.Build.0 = Release|x64
		{EA2F799F-3139-4F76-95BA-A725B6EBD6BF}.Release|x86.ActiveCfg = Release|Win32
		{EA2F799F-3139-4F76-95BA-A725B6EBD6BF}.Release|x86.Build.0 = Release|Win32
		{105A41A2-A414-4871-AD28-74D10D6ADD00}.Debug|x64.ActiveCfg = Debug|x64
		{105A41A2-A414-4871-AD28-74D10D6ADD00}.Debug|x64.Build.0 = Debug|x64
		{105A41A2-A414-4871-AD28-74D10D6ADD00}.Debug|x86.ActiveCfg = Debug|Win32
		{105A41A2-A414-4871-AD28-74D10D6ADD00}.Debug|x86.Build.0 = Debug|Win32
		{105A41A2-A414-4871-AD28-74D10D6ADD00}.Release|x64.ActiveCfg = Release|x64
		{105A41A2-A414-4871-AD28-74D10D6ADD00}.Release|x64.Build.0 = Release|x64
		{105A41A2-A414-4871-AD28-74D10D6ADD00}.Release|x86.ActiveCfg = Release|Win32
		{105A41A2-A414-4871-AD28-74D10D6ADD00}.Release|x86.Build.0 = Release|Win32
		{2B4933F8-8675-4762-A614-3E871033598B}.Debug|x64.ActiveCfg = Debug|x64
		{2B4933F8-8675-4762-A614-3E871033598B}.Debug|x64.Build.0 = Debug|x64
		{2B4933F8-8675-4762-A614-3E871033598B}.Debug|x86.ActiveCfg = Debug|Win32
		{2B4933F8-8675-4762-A614-3E871033598B}.Debug|x86.Build.0 = Debug|Win32
		{2B4933F8-8675-4762-A614-3E871033598B}.Release|x64.ActiveCfg = Release|x64
		{2B4933F8-8675-4762-A614-3E871033598B}.Release|x64.Build.0 = Release|x64
		{2B4933F8-8675-4762-A614-3E871033598B}.Release|x86.ActiveCfg = Release|Win32
		{2B4933F8-8675-4762-A614-3E871033598B}.Release|x86.Build.0 = Release|Win32
		{3295F905-8C80-47BE-8509-FD0D028422B3}.Debug|x64.ActiveCfg = Debug|x64
		{3295F905-8C80-47BE-8509-FD0D028422B3}.Debug|x64.Build.0 = Debug|x64
		{3295F905-8C80-47BE-8509-FD0D028422B3}.Debug|x86.ActiveCfg = Debug|Win32
		{3295F905-8C80-47BE-8509-FD0D028422B3}.Debug|x86.Build.0 = Debug|Win32
		{3295F905-8C80-47BE-8509-FD0D028422B3}.Release|x64.ActiveCfg = Release|x64
		{3295F905-8C80-47BE-8509-FD0D028422B3}.Release|x64.Build.0 = Release|x64
		{3295F905-8C80-47BE-8509-FD0D028422B3}.Release|x86.ActiveCfg = Release|Win32
		{3295F905-8C80-47BE-8509-FD0D028422B3}.Release|x86.Build.0 = Release|Win32
		{13EEF946-536E-4FFF-BF36-92EBA8FCEE62}.Debug|x64.ActiveCfg = Debug|x64
		{13EEF946-536E-4FFF-BF36-92EBA8FCEE62}.Debug|x64.Build.0 = Debug|x64
		{13EEF946-536E-4FFF-BF36-92EBA8FCEE62}.Debug|x86.ActiveCfg = Debug|Win32
		{13EEF946-536E-4FFF-BF36-92EBA8FCEE62}.Debug|x86.Build.0 = Debug|Win32
		{13EEF946-536E-4FFF-BF36-92EBA8FCEE62}.Release|x64.ActiveCfg = Release|x64
		{13EEF946-536E-4FFF-BF36-92EBA8FCEE62}.Release|x64.Build.0 = Release|x64
		{13EEF946-536E-4FFF-BF36-92EBA8FCEE62}.Release|x86.ActiveCfg = Release|Win32
		{13EEF946-536E-4FFF-BF36-92EBA8FCEE62}.Release|x86.Build.0 = Release|Win32
	EndGlobalSection
	GlobalSection(SolutionProperties) = preSolution
		HideSolutionNode = FALSE
	EndGlobalSection
	GlobalSection(ExtensibilityGlobals) = postSolution
		SolutionGuid = {DB1B12D4-B376-474A-9BBD-DEB2365F3EFC}
	EndGlobalSection
EndGlobal
